
Microsoft Visual Studio Solution File, Format Version 12.00
# Visual Studio Version 16
VisualStudioVersion = 16.0.29709.97
MinimumVisualStudioVersion = 10.0.40219.1
Project("{FAE04EC0-301F-11D3-BF4B-00C04F79EFBC}") = "KnaseAsg5Dealer", "KnaseAsg5Dealer.csproj", "{04A50838-5300-46F8-86D4-D66409B026D5}"
EndProject
Global
	GlobalSection(SolutionConfigurationPlatforms) = preSolution
		Debug|Any CPU = Debug|Any CPU
		Release|Any CPU = Release|Any CPU
	EndGlobalSection
	GlobalSection(ProjectConfigurationPlatforms) = postSolution
		{04A50838-5300-46F8-86D4-D66409B026D5}.Debug|Any CPU.ActiveCfg = Debug|Any CPU
		{04A50838-5300-46F8-86D4-D66409B026D5}.Debug|Any CPU.Build.0 = Debug|Any CPU
		{04A50838-5300-46F8-86D4-D66409B026D5}.Release|Any CPU.ActiveCfg = Release|Any CPU
		{04A50838-5300-46F8-86D4-D66409B026D5}.Release|Any CPU.Build.0 = Release|Any CPU
	EndGlobalSection
	GlobalSection(SolutionProperties) = preSolution
		HideSolutionNode = FALSE
	EndGlobalSection
	GlobalSection(ExtensibilityGlobals) = postSolution
		SolutionGuid = {76D77E11-09D2-4B9D-81C0-19FF285C0970}
	EndGlobalSection
EndGlobal
